
Microsoft Visual Studio Solution File, Format Version 12.00
# Visual Studio 14
VisualStudioVersion = 14.0.24720.0
MinimumVisualStudioVersion = 10.0.40219.1
Project("{FAE04EC0-301F-11D3-BF4B-00C04F79EFBC}") = "WebServer", "WebServer\WebServer.csproj", "{837B8FF3-DED6-4DC7-AD58-DBB0B3E44DD4}"
EndProject
Project("{FAE04EC0-301F-11D3-BF4B-00C04F79EFBC}") = "WebServer.UnitTests", "WebServer.UnitTests\WebServer.UnitTests.csproj", "{748F18DD-9682-467F-AF82-82032E8BE5D5}"
EndProject
Project("{FAE04EC0-301F-11D3-BF4B-00C04F79EFBC}") = "HttpMessage.UnitTests", "HttpMessage.UnitTests\HttpMessage.UnitTests.csproj", "{D313F525-2D90-4BF5-8857-2698EE580A65}"
EndProject
Project("{FAE04EC0-301F-11D3-BF4B-00C04F79EFBC}") = "HeadedDemo", "HeadedDemo\HeadedDemo.csproj", "{DE304E4A-D832-41F2-BE46-5CBDC5A61902}"
EndProject
Project("{2150E333-8FDC-42A3-9474-1A3956D46DE8}") = "UnitTests", "UnitTests", "{1CAE55A4-6546-4899-9BD6-6DAA3CBC006D}"
EndProject
Project("{2150E333-8FDC-42A3-9474-1A3956D46DE8}") = "Demos", "Demos", "{8C7C3EFF-01E6-4FCD-91BD-C4C40FF71777}"
EndProject
Project("{FAE04EC0-301F-11D3-BF4B-00C04F79EFBC}") = "DemoControllers", "DemoControllers\DemoControllers.csproj", "{8383DC52-161B-4085-B133-4420E995668D}"
EndProject
Project("{FAE04EC0-301F-11D3-BF4B-00C04F79EFBC}") = "HeadlessDemo", "HeadlessDemo\HeadlessDemo.csproj", "{CCC377F6-F5D1-4A07-A0E8-58894E8196FA}"
EndProject
Project("{D954291E-2A0B-460D-934E-DC6B0785DB48}") = "HttpMessage", "HttpMessage\HttpMessage.shproj", "{13ABA022-A7C1-45B7-9E47-2BB74F2A7F9F}"
EndProject
Project("{FAE04EC0-301F-11D3-BF4B-00C04F79EFBC}") = "DemoStaticFiles", "DemoStaticFiles\DemoStaticFiles.csproj", "{71394B97-2990-4E92-A7CC-0642D4860651}"
EndProject
Global
	GlobalSection(SharedMSBuildProjectFiles) = preSolution
		HttpMessage\HttpMessage.projitems*{837b8ff3-ded6-4dc7-ad58-dbb0b3e44dd4}*SharedItemsImports = 4
		HttpMessage\HttpMessage.projitems*{13aba022-a7c1-45b7-9e47-2bb74f2a7f9f}*SharedItemsImports = 13
		HttpMessage\HttpMessage.projitems*{d313f525-2d90-4bf5-8857-2698ee580a65}*SharedItemsImports = 4
	EndGlobalSection
	GlobalSection(SolutionConfigurationPlatforms) = preSolution
		Debug|Any CPU = Debug|Any CPU
		Debug|ARM = Debug|ARM
		Debug|x64 = Debug|x64
		Debug|x86 = Debug|x86
		Release|Any CPU = Release|Any CPU
		Release|ARM = Release|ARM
		Release|x64 = Release|x64
		Release|x86 = Release|x86
	EndGlobalSection
	GlobalSection(ProjectConfigurationPlatforms) = postSolution
		{837B8FF3-DED6-4DC7-AD58-DBB0B3E44DD4}.Debug|Any CPU.ActiveCfg = Debug|Any CPU
		{837B8FF3-DED6-4DC7-AD58-DBB0B3E44DD4}.Debug|Any CPU.Build.0 = Debug|Any CPU
		{837B8FF3-DED6-4DC7-AD58-DBB0B3E44DD4}.Debug|ARM.ActiveCfg = Debug|ARM
		{837B8FF3-DED6-4DC7-AD58-DBB0B3E44DD4}.Debug|ARM.Build.0 = Debug|ARM
		{837B8FF3-DED6-4DC7-AD58-DBB0B3E44DD4}.Debug|x64.ActiveCfg = Debug|x64
		{837B8FF3-DED6-4DC7-AD58-DBB0B3E44DD4}.Debug|x64.Build.0 = Debug|x64
		{837B8FF3-DED6-4DC7-AD58-DBB0B3E44DD4}.Debug|x86.ActiveCfg = Debug|x86
		{837B8FF3-DED6-4DC7-AD58-DBB0B3E44DD4}.Debug|x86.Build.0 = Debug|x86
		{837B8FF3-DED6-4DC7-AD58-DBB0B3E44DD4}.Release|Any CPU.ActiveCfg = Release|Any CPU
		{837B8FF3-DED6-4DC7-AD58-DBB0B3E44DD4}.Release|Any CPU.Build.0 = Release|Any CPU
		{837B8FF3-DED6-4DC7-AD58-DBB0B3E44DD4}.Release|ARM.ActiveCfg = Release|ARM
		{837B8FF3-DED6-4DC7-AD58-DBB0B3E44DD4}.Release|ARM.Build.0 = Release|ARM
		{837B8FF3-DED6-4DC7-AD58-DBB0B3E44DD4}.Release|x64.ActiveCfg = Release|x64
		{837B8FF3-DED6-4DC7-AD58-DBB0B3E44DD4}.Release|x64.Build.0 = Release|x64
		{837B8FF3-DED6-4DC7-AD58-DBB0B3E44DD4}.Release|x86.ActiveCfg = Release|x86
		{837B8FF3-DED6-4DC7-AD58-DBB0B3E44DD4}.Release|x86.Build.0 = Release|x86
		{748F18DD-9682-467F-AF82-82032E8BE5D5}.Debug|Any CPU.ActiveCfg = Debug|x86
		{748F18DD-9682-467F-AF82-82032E8BE5D5}.Debug|Any CPU.Build.0 = Debug|x86
		{748F18DD-9682-467F-AF82-82032E8BE5D5}.Debug|ARM.ActiveCfg = Debug|ARM
		{748F18DD-9682-467F-AF82-82032E8BE5D5}.Debug|ARM.Build.0 = Debug|ARM
		{748F18DD-9682-467F-AF82-82032E8BE5D5}.Debug|x64.ActiveCfg = Debug|x64
		{748F18DD-9682-467F-AF82-82032E8BE5D5}.Debug|x64.Build.0 = Debug|x64
		{748F18DD-9682-467F-AF82-82032E8BE5D5}.Debug|x64.Deploy.0 = Debug|x64
		{748F18DD-9682-467F-AF82-82032E8BE5D5}.Debug|x86.ActiveCfg = Debug|x86
		{748F18DD-9682-467F-AF82-82032E8BE5D5}.Debug|x86.Build.0 = Debug|x86
		{748F18DD-9682-467F-AF82-82032E8BE5D5}.Debug|x86.Deploy.0 = Debug|x86
		{748F18DD-9682-467F-AF82-82032E8BE5D5}.Release|Any CPU.ActiveCfg = Release|x86
		{748F18DD-9682-467F-AF82-82032E8BE5D5}.Release|ARM.ActiveCfg = Release|ARM
		{748F18DD-9682-467F-AF82-82032E8BE5D5}.Release|x64.ActiveCfg = Release|x64
		{748F18DD-9682-467F-AF82-82032E8BE5D5}.Release|x86.ActiveCfg = Release|x86
		{D313F525-2D90-4BF5-8857-2698EE580A65}.Debug|Any CPU.ActiveCfg = Debug|x86
		{D313F525-2D90-4BF5-8857-2698EE580A65}.Debug|Any CPU.Build.0 = Debug|x86
		{D313F525-2D90-4BF5-8857-2698EE580A65}.Debug|ARM.ActiveCfg = Debug|ARM
		{D313F525-2D90-4BF5-8857-2698EE580A65}.Debug|ARM.Build.0 = Debug|ARM
		{D313F525-2D90-4BF5-8857-2698EE580A65}.Debug|x64.ActiveCfg = Debug|x64
		{D313F525-2D90-4BF5-8857-2698EE580A65}.Debug|x64.Build.0 = Debug|x64
		{D313F525-2D90-4BF5-8857-2698EE580A65}.Debug|x64.Deploy.0 = Debug|x64
		{D313F525-2D90-4BF5-8857-2698EE580A65}.Debug|x86.ActiveCfg = Debug|x86
		{D313F525-2D90-4BF5-8857-2698EE580A65}.Debug|x86.Build.0 = Debug|x86
		{D313F525-2D90-4BF5-8857-2698EE580A65}.Debug|x86.Deploy.0 = Debug|x86
		{D313F525-2D90-4BF5-8857-2698EE580A65}.Release|Any CPU.ActiveCfg = Release|x86
		{D313F525-2D90-4BF5-8857-2698EE580A65}.Release|ARM.ActiveCfg = Release|ARM
		{D313F525-2D90-4BF5-8857-2698EE580A65}.Release|x64.ActiveCfg = Release|x64
		{D313F525-2D90-4BF5-8857-2698EE580A65}.Release|x86.ActiveCfg = Release|x86
		{DE304E4A-D832-41F2-BE46-5CBDC5A61902}.Debug|Any CPU.ActiveCfg = Debug|x86
		{DE304E4A-D832-41F2-BE46-5CBDC5A61902}.Debug|ARM.ActiveCfg = Debug|ARM
		{DE304E4A-D832-41F2-BE46-5CBDC5A61902}.Debug|ARM.Build.0 = Debug|ARM
		{DE304E4A-D832-41F2-BE46-5CBDC5A61902}.Debug|ARM.Deploy.0 = Debug|ARM
		{DE304E4A-D832-41F2-BE46-5CBDC5A61902}.Debug|x64.ActiveCfg = Debug|x64
		{DE304E4A-D832-41F2-BE46-5CBDC5A61902}.Debug|x64.Build.0 = Debug|x64
		{DE304E4A-D832-41F2-BE46-5CBDC5A61902}.Debug|x64.Deploy.0 = Debug|x64
		{DE304E4A-D832-41F2-BE46-5CBDC5A61902}.Debug|x86.ActiveCfg = Debug|x86
		{DE304E4A-D832-41F2-BE46-5CBDC5A61902}.Debug|x86.Build.0 = Debug|x86
		{DE304E4A-D832-41F2-BE46-5CBDC5A61902}.Debug|x86.Deploy.0 = Debug|x86
		{DE304E4A-D832-41F2-BE46-5CBDC5A61902}.Release|Any CPU.ActiveCfg = Release|x86
		{DE304E4A-D832-41F2-BE46-5CBDC5A61902}.Release|ARM.ActiveCfg = Release|ARM
		{DE304E4A-D832-41F2-BE46-5CBDC5A61902}.Release|ARM.Build.0 = Release|ARM
		{DE304E4A-D832-41F2-BE46-5CBDC5A61902}.Release|ARM.Deploy.0 = Release|ARM
		{DE304E4A-D832-41F2-BE46-5CBDC5A61902}.Release|x64.ActiveCfg = Release|x64
		{DE304E4A-D832-41F2-BE46-5CBDC5A61902}.Release|x64.Build.0 = Release|x64
		{DE304E4A-D832-41F2-BE46-5CBDC5A61902}.Release|x64.Deploy.0 = Release|x64
		{DE304E4A-D832-41F2-BE46-5CBDC5A61902}.Release|x86.ActiveCfg = Release|x86
		{DE304E4A-D832-41F2-BE46-5CBDC5A61902}.Release|x86.Build.0 = Release|x86
		{DE304E4A-D832-41F2-BE46-5CBDC5A61902}.Release|x86.Deploy.0 = Release|x86
		{8383DC52-161B-4085-B133-4420E995668D}.Debug|Any CPU.ActiveCfg = Debug|Any CPU
		{8383DC52-161B-4085-B133-4420E995668D}.Debug|Any CPU.Build.0 = Debug|Any CPU
		{8383DC52-161B-4085-B133-4420E995668D}.Debug|ARM.ActiveCfg = Debug|ARM
		{8383DC52-161B-4085-B133-4420E995668D}.Debug|ARM.Build.0 = Debug|ARM
		{8383DC52-161B-4085-B133-4420E995668D}.Debug|x64.ActiveCfg = Debug|x64
		{8383DC52-161B-4085-B133-4420E995668D}.Debug|x64.Build.0 = Debug|x64
		{8383DC52-161B-4085-B133-4420E995668D}.Debug|x86.ActiveCfg = Debug|x86
		{8383DC52-161B-4085-B133-4420E995668D}.Debug|x86.Build.0 = Debug|x86
		{8383DC52-161B-4085-B133-4420E995668D}.Release|Any CPU.ActiveCfg = Release|Any CPU
		{8383DC52-161B-4085-B133-4420E995668D}.Release|Any CPU.Build.0 = Release|Any CPU
		{8383DC52-161B-4085-B133-4420E995668D}.Release|ARM.ActiveCfg = Release|ARM
		{8383DC52-161B-4085-B133-4420E995668D}.Release|ARM.Build.0 = Release|ARM
		{8383DC52-161B-4085-B133-4420E995668D}.Release|x64.ActiveCfg = Release|x64
		{8383DC52-161B-4085-B133-4420E995668D}.Release|x64.Build.0 = Release|x64
		{8383DC52-161B-4085-B133-4420E995668D}.Release|x86.ActiveCfg = Release|x86
		{8383DC52-161B-4085-B133-4420E995668D}.Release|x86.Build.0 = Release|x86
		{CCC377F6-F5D1-4A07-A0E8-58894E8196FA}.Debug|Any CPU.ActiveCfg = Debug|x86
		{CCC377F6-F5D1-4A07-A0E8-58894E8196FA}.Debug|ARM.ActiveCfg = Debug|ARM
		{CCC377F6-F5D1-4A07-A0E8-58894E8196FA}.Debug|ARM.Build.0 = Debug|ARM
		{CCC377F6-F5D1-4A07-A0E8-58894E8196FA}.Debug|ARM.Deploy.0 = Debug|ARM
		{CCC377F6-F5D1-4A07-A0E8-58894E8196FA}.Debug|x64.ActiveCfg = Debug|x64
		{CCC377F6-F5D1-4A07-A0E8-58894E8196FA}.Debug|x64.Build.0 = Debug|x64
		{CCC377F6-F5D1-4A07-A0E8-58894E8196FA}.Debug|x64.Deploy.0 = Debug|x64
		{CCC377F6-F5D1-4A07-A0E8-58894E8196FA}.Debug|x86.ActiveCfg = Debug|x86
		{CCC377F6-F5D1-4A07-A0E8-58894E8196FA}.Debug|x86.Build.0 = Debug|x86
		{CCC377F6-F5D1-4A07-A0E8-58894E8196FA}.Debug|x86.Deploy.0 = Debug|x86
		{CCC377F6-F5D1-4A07-A0E8-58894E8196FA}.Release|Any CPU.ActiveCfg = Release|x86
		{CCC377F6-F5D1-4A07-A0E8-58894E8196FA}.Release|ARM.ActiveCfg = Release|ARM
		{CCC377F6-F5D1-4A07-A0E8-58894E8196FA}.Release|ARM.Build.0 = Release|ARM
		{CCC377F6-F5D1-4A07-A0E8-58894E8196FA}.Release|ARM.Deploy.0 = Release|ARM
		{CCC377F6-F5D1-4A07-A0E8-58894E8196FA}.Release|x64.ActiveCfg = Release|x64
		{CCC377F6-F5D1-4A07-A0E8-58894E8196FA}.Release|x64.Build.0 = Release|x64
		{CCC377F6-F5D1-4A07-A0E8-58894E8196FA}.Release|x64.Deploy.0 = Release|x64
		{CCC377F6-F5D1-4A07-A0E8-58894E8196FA}.Release|x86.ActiveCfg = Release|x86
		{CCC377F6-F5D1-4A07-A0E8-58894E8196FA}.Release|x86.Build.0 = Release|x86
		{CCC377F6-F5D1-4A07-A0E8-58894E8196FA}.Release|x86.Deploy.0 = Release|x86
		{71394B97-2990-4E92-A7CC-0642D4860651}.Debug|Any CPU.ActiveCfg = Debug|Any CPU
		{71394B97-2990-4E92-A7CC-0642D4860651}.Debug|Any CPU.Build.0 = Debug|Any CPU
		{71394B97-2990-4E92-A7CC-0642D4860651}.Debug|ARM.ActiveCfg = Debug|ARM
		{71394B97-2990-4E92-A7CC-0642D4860651}.Debug|ARM.Build.0 = Debug|ARM
		{71394B97-2990-4E92-A7CC-0642D4860651}.Debug|x64.ActiveCfg = Debug|x64
		{71394B97-2990-4E92-A7CC-0642D4860651}.Debug|x64.Build.0 = Debug|x64
		{71394B97-2990-4E92-A7CC-0642D4860651}.Debug|x86.ActiveCfg = Debug|x86
		{71394B97-2990-4E92-A7CC-0642D4860651}.Debug|x86.Build.0 = Debug|x86
		{71394B97-2990-4E92-A7CC-0642D4860651}.Release|Any CPU.ActiveCfg = Release|Any CPU
		{71394B97-2990-4E92-A7CC-0642D4860651}.Release|Any CPU.Build.0 = Release|Any CPU
		{71394B97-2990-4E92-A7CC-0642D4860651}.Release|ARM.ActiveCfg = Release|ARM
		{71394B97-2990-4E92-A7CC-0642D4860651}.Release|ARM.Build.0 = Release|ARM
		{71394B97-2990-4E92-A7CC-0642D4860651}.Release|x64.ActiveCfg = Release|x64
		{71394B97-2990-4E92-A7CC-0642D4860651}.Release|x64.Build.0 = Release|x64
		{71394B97-2990-4E92-A7CC-0642D4860651}.Release|x86.ActiveCfg = Release|x86
		{71394B97-2990-4E92-A7CC-0642D4860651}.Release|x86.Build.0 = Release|x86
	EndGlobalSection
	GlobalSection(SolutionProperties) = preSolution
		HideSolutionNode = FALSE
	EndGlobalSection
	GlobalSection(NestedProjects) = preSolution
		{748F18DD-9682-467F-AF82-82032E8BE5D5} = {1CAE55A4-6546-4899-9BD6-6DAA3CBC006D}
		{D313F525-2D90-4BF5-8857-2698EE580A65} = {1CAE55A4-6546-4899-9BD6-6DAA3CBC006D}
		{DE304E4A-D832-41F2-BE46-5CBDC5A61902} = {8C7C3EFF-01E6-4FCD-91BD-C4C40FF71777}
		{8383DC52-161B-4085-B133-4420E995668D} = {8C7C3EFF-01E6-4FCD-91BD-C4C40FF71777}
		{CCC377F6-F5D1-4A07-A0E8-58894E8196FA} = {8C7C3EFF-01E6-4FCD-91BD-C4C40FF71777}
		{71394B97-2990-4E92-A7CC-0642D4860651} = {8C7C3EFF-01E6-4FCD-91BD-C4C40FF71777}
	EndGlobalSection
EndGlobal
