
Microsoft Visual Studio Solution File, Format Version 12.00
# Visual Studio 14
VisualStudioVersion = 14.0.24720.0
MinimumVisualStudioVersion = 10.0.40219.1
Project("{FAE04EC0-301F-11D3-BF4B-00C04F79EFBC}") = "WebServer", "WebServer\WebServer.csproj", "{837B8FF3-DED6-4DC7-AD58-DBB0B3E44DD4}"
EndProject
Project("{FAE04EC0-301F-11D3-BF4B-00C04F79EFBC}") = "WebServerHostTest", "WebServerHostTest\WebServerHostTest.csproj", "{1AC1BC53-7583-4976-8899-BE508BD11585}"
EndProject
Project("{FAE04EC0-301F-11D3-BF4B-00C04F79EFBC}") = "WebServer.UnitTests", "WebServer.UnitTests\WebServer.UnitTests.csproj", "{748F18DD-9682-467F-AF82-82032E8BE5D5}"
EndProject
Project("{FAE04EC0-301F-11D3-BF4B-00C04F79EFBC}") = "HttpMessage", "HttpMessage\HttpMessage.csproj", "{A76BFFC6-B444-40E5-9461-00D586BEC9D7}"
EndProject
Project("{FAE04EC0-301F-11D3-BF4B-00C04F79EFBC}") = "HttpMessage.UnitTests", "HttpMessage.UnitTests\HttpMessage.UnitTests.csproj", "{D313F525-2D90-4BF5-8857-2698EE580A65}"
EndProject
Global
	GlobalSection(SolutionConfigurationPlatforms) = preSolution
		Debug|Any CPU = Debug|Any CPU
		Debug|ARM = Debug|ARM
		Debug|x64 = Debug|x64
		Debug|x86 = Debug|x86
		Release|Any CPU = Release|Any CPU
		Release|ARM = Release|ARM
		Release|x64 = Release|x64
		Release|x86 = Release|x86
	EndGlobalSection
	GlobalSection(ProjectConfigurationPlatforms) = postSolution
		{837B8FF3-DED6-4DC7-AD58-DBB0B3E44DD4}.Debug|Any CPU.ActiveCfg = Debug|Any CPU
		{837B8FF3-DED6-4DC7-AD58-DBB0B3E44DD4}.Debug|Any CPU.Build.0 = Debug|Any CPU
		{837B8FF3-DED6-4DC7-AD58-DBB0B3E44DD4}.Debug|ARM.ActiveCfg = Debug|ARM
		{837B8FF3-DED6-4DC7-AD58-DBB0B3E44DD4}.Debug|ARM.Build.0 = Debug|ARM
		{837B8FF3-DED6-4DC7-AD58-DBB0B3E44DD4}.Debug|x64.ActiveCfg = Debug|x64
		{837B8FF3-DED6-4DC7-AD58-DBB0B3E44DD4}.Debug|x64.Build.0 = Debug|x64
		{837B8FF3-DED6-4DC7-AD58-DBB0B3E44DD4}.Debug|x86.ActiveCfg = Debug|x86
		{837B8FF3-DED6-4DC7-AD58-DBB0B3E44DD4}.Debug|x86.Build.0 = Debug|x86
		{837B8FF3-DED6-4DC7-AD58-DBB0B3E44DD4}.Release|Any CPU.ActiveCfg = Release|Any CPU
		{837B8FF3-DED6-4DC7-AD58-DBB0B3E44DD4}.Release|Any CPU.Build.0 = Release|Any CPU
		{837B8FF3-DED6-4DC7-AD58-DBB0B3E44DD4}.Release|ARM.ActiveCfg = Release|ARM
		{837B8FF3-DED6-4DC7-AD58-DBB0B3E44DD4}.Release|ARM.Build.0 = Release|ARM
		{837B8FF3-DED6-4DC7-AD58-DBB0B3E44DD4}.Release|x64.ActiveCfg = Release|x64
		{837B8FF3-DED6-4DC7-AD58-DBB0B3E44DD4}.Release|x64.Build.0 = Release|x64
		{837B8FF3-DED6-4DC7-AD58-DBB0B3E44DD4}.Release|x86.ActiveCfg = Release|x86
		{837B8FF3-DED6-4DC7-AD58-DBB0B3E44DD4}.Release|x86.Build.0 = Release|x86
		{1AC1BC53-7583-4976-8899-BE508BD11585}.Debug|Any CPU.ActiveCfg = Debug|x86
		{1AC1BC53-7583-4976-8899-BE508BD11585}.Debug|Any CPU.Build.0 = Debug|x86
		{1AC1BC53-7583-4976-8899-BE508BD11585}.Debug|Any CPU.Deploy.0 = Debug|x86
		{1AC1BC53-7583-4976-8899-BE508BD11585}.Debug|ARM.ActiveCfg = Debug|ARM
		{1AC1BC53-7583-4976-8899-BE508BD11585}.Debug|ARM.Build.0 = Debug|ARM
		{1AC1BC53-7583-4976-8899-BE508BD11585}.Debug|ARM.Deploy.0 = Debug|ARM
		{1AC1BC53-7583-4976-8899-BE508BD11585}.Debug|x64.ActiveCfg = Debug|x64
		{1AC1BC53-7583-4976-8899-BE508BD11585}.Debug|x64.Build.0 = Debug|x64
		{1AC1BC53-7583-4976-8899-BE508BD11585}.Debug|x64.Deploy.0 = Debug|x64
		{1AC1BC53-7583-4976-8899-BE508BD11585}.Debug|x86.ActiveCfg = Debug|x86
		{1AC1BC53-7583-4976-8899-BE508BD11585}.Debug|x86.Build.0 = Debug|x86
		{1AC1BC53-7583-4976-8899-BE508BD11585}.Debug|x86.Deploy.0 = Debug|x86
		{1AC1BC53-7583-4976-8899-BE508BD11585}.Release|Any CPU.ActiveCfg = Release|x86
		{1AC1BC53-7583-4976-8899-BE508BD11585}.Release|Any CPU.Build.0 = Release|x86
		{1AC1BC53-7583-4976-8899-BE508BD11585}.Release|ARM.ActiveCfg = Release|ARM
		{1AC1BC53-7583-4976-8899-BE508BD11585}.Release|ARM.Build.0 = Release|ARM
		{1AC1BC53-7583-4976-8899-BE508BD11585}.Release|ARM.Deploy.0 = Release|ARM
		{1AC1BC53-7583-4976-8899-BE508BD11585}.Release|x64.ActiveCfg = Release|x64
		{1AC1BC53-7583-4976-8899-BE508BD11585}.Release|x64.Build.0 = Release|x64
		{1AC1BC53-7583-4976-8899-BE508BD11585}.Release|x64.Deploy.0 = Release|x64
		{1AC1BC53-7583-4976-8899-BE508BD11585}.Release|x86.ActiveCfg = Release|x86
		{1AC1BC53-7583-4976-8899-BE508BD11585}.Release|x86.Build.0 = Release|x86
		{1AC1BC53-7583-4976-8899-BE508BD11585}.Release|x86.Deploy.0 = Release|x86
		{748F18DD-9682-467F-AF82-82032E8BE5D5}.Debug|Any CPU.ActiveCfg = Debug|x86
		{748F18DD-9682-467F-AF82-82032E8BE5D5}.Debug|Any CPU.Build.0 = Debug|x86
		{748F18DD-9682-467F-AF82-82032E8BE5D5}.Debug|ARM.ActiveCfg = Debug|ARM
		{748F18DD-9682-467F-AF82-82032E8BE5D5}.Debug|ARM.Build.0 = Debug|ARM
		{748F18DD-9682-467F-AF82-82032E8BE5D5}.Debug|x64.ActiveCfg = Debug|x64
		{748F18DD-9682-467F-AF82-82032E8BE5D5}.Debug|x64.Build.0 = Debug|x64
		{748F18DD-9682-467F-AF82-82032E8BE5D5}.Debug|x64.Deploy.0 = Debug|x64
		{748F18DD-9682-467F-AF82-82032E8BE5D5}.Debug|x86.ActiveCfg = Debug|x86
		{748F18DD-9682-467F-AF82-82032E8BE5D5}.Debug|x86.Build.0 = Debug|x86
		{748F18DD-9682-467F-AF82-82032E8BE5D5}.Debug|x86.Deploy.0 = Debug|x86
		{748F18DD-9682-467F-AF82-82032E8BE5D5}.Release|Any CPU.ActiveCfg = Release|x86
		{748F18DD-9682-467F-AF82-82032E8BE5D5}.Release|ARM.ActiveCfg = Release|ARM
		{748F18DD-9682-467F-AF82-82032E8BE5D5}.Release|x64.ActiveCfg = Release|x64
		{748F18DD-9682-467F-AF82-82032E8BE5D5}.Release|x86.ActiveCfg = Release|x86
		{A76BFFC6-B444-40E5-9461-00D586BEC9D7}.Debug|Any CPU.ActiveCfg = Debug|Any CPU
		{A76BFFC6-B444-40E5-9461-00D586BEC9D7}.Debug|Any CPU.Build.0 = Debug|Any CPU
		{A76BFFC6-B444-40E5-9461-00D586BEC9D7}.Debug|ARM.ActiveCfg = Debug|ARM
		{A76BFFC6-B444-40E5-9461-00D586BEC9D7}.Debug|ARM.Build.0 = Debug|ARM
		{A76BFFC6-B444-40E5-9461-00D586BEC9D7}.Debug|x64.ActiveCfg = Debug|x64
		{A76BFFC6-B444-40E5-9461-00D586BEC9D7}.Debug|x64.Build.0 = Debug|x64
		{A76BFFC6-B444-40E5-9461-00D586BEC9D7}.Debug|x86.ActiveCfg = Debug|x86
		{A76BFFC6-B444-40E5-9461-00D586BEC9D7}.Debug|x86.Build.0 = Debug|x86
		{A76BFFC6-B444-40E5-9461-00D586BEC9D7}.Release|Any CPU.ActiveCfg = Release|Any CPU
		{A76BFFC6-B444-40E5-9461-00D586BEC9D7}.Release|Any CPU.Build.0 = Release|Any CPU
		{A76BFFC6-B444-40E5-9461-00D586BEC9D7}.Release|ARM.ActiveCfg = Release|ARM
		{A76BFFC6-B444-40E5-9461-00D586BEC9D7}.Release|ARM.Build.0 = Release|ARM
		{A76BFFC6-B444-40E5-9461-00D586BEC9D7}.Release|x64.ActiveCfg = Release|x64
		{A76BFFC6-B444-40E5-9461-00D586BEC9D7}.Release|x64.Build.0 = Release|x64
		{A76BFFC6-B444-40E5-9461-00D586BEC9D7}.Release|x86.ActiveCfg = Release|x86
		{A76BFFC6-B444-40E5-9461-00D586BEC9D7}.Release|x86.Build.0 = Release|x86
		{D313F525-2D90-4BF5-8857-2698EE580A65}.Debug|Any CPU.ActiveCfg = Debug|x86
		{D313F525-2D90-4BF5-8857-2698EE580A65}.Debug|Any CPU.Build.0 = Debug|x86
		{D313F525-2D90-4BF5-8857-2698EE580A65}.Debug|ARM.ActiveCfg = Debug|ARM
		{D313F525-2D90-4BF5-8857-2698EE580A65}.Debug|ARM.Build.0 = Debug|ARM
		{D313F525-2D90-4BF5-8857-2698EE580A65}.Debug|ARM.Deploy.0 = Debug|ARM
		{D313F525-2D90-4BF5-8857-2698EE580A65}.Debug|x64.ActiveCfg = Debug|x64
		{D313F525-2D90-4BF5-8857-2698EE580A65}.Debug|x64.Build.0 = Debug|x64
		{D313F525-2D90-4BF5-8857-2698EE580A65}.Debug|x64.Deploy.0 = Debug|x64
		{D313F525-2D90-4BF5-8857-2698EE580A65}.Debug|x86.ActiveCfg = Debug|x86
		{D313F525-2D90-4BF5-8857-2698EE580A65}.Debug|x86.Build.0 = Debug|x86
		{D313F525-2D90-4BF5-8857-2698EE580A65}.Debug|x86.Deploy.0 = Debug|x86
		{D313F525-2D90-4BF5-8857-2698EE580A65}.Release|Any CPU.ActiveCfg = Release|x86
		{D313F525-2D90-4BF5-8857-2698EE580A65}.Release|ARM.ActiveCfg = Release|ARM
		{D313F525-2D90-4BF5-8857-2698EE580A65}.Release|x64.ActiveCfg = Release|x64
		{D313F525-2D90-4BF5-8857-2698EE580A65}.Release|x86.ActiveCfg = Release|x86
	EndGlobalSection
	GlobalSection(SolutionProperties) = preSolution
		HideSolutionNode = FALSE
	EndGlobalSection
EndGlobal
